
Microsoft Visual Studio Solution File, Format Version 12.00
# Visual Studio 2013
VisualStudioVersion = 12.0.21005.1
MinimumVisualStudioVersion = 10.0.40219.1
Project("{FAE04EC0-301F-11D3-BF4B-00C04F79EFBC}") = "MongoDBRepository", "MongoDBRepository\MongoDBRepository.csproj", "{EAE6D3D5-672F-4B38-9B11-AD22F60E2731}"
EndProject
Global
	GlobalSection(SolutionConfigurationPlatforms) = preSolution
		Debug|Any CPU = Debug|Any CPU
		Release|Any CPU = Release|Any CPU
	EndGlobalSection
	GlobalSection(ProjectConfigurationPlatforms) = postSolution
		{EAE6D3D5-672F-4B38-9B11-AD22F60E2731}.Debug|Any CPU.ActiveCfg = Debug|Any CPU
		{EAE6D3D5-672F-4B38-9B11-AD22F60E2731}.Debug|Any CPU.Build.0 = Debug|Any CPU
		{EAE6D3D5-672F-4B38-9B11-AD22F60E2731}.Release|Any CPU.ActiveCfg = Release|Any CPU
		{EAE6D3D5-672F-4B38-9B11-AD22F60E2731}.Release|Any CPU.Build.0 = Release|Any CPU
	EndGlobalSection
	GlobalSection(SolutionProperties) = preSolution
		HideSolutionNode = FALSE
	EndGlobalSection
EndGlobal
